
Microsoft Visual Studio Solution File, Format Version 12.00
# Visual Studio Version 16
VisualStudioVersion = 16.0.30517.126
MinimumVisualStudioVersion = 10.0.40219.1
Project("{FAE04EC0-301F-11D3-BF4B-00C04F79EFBC}") = "Wpf_with_Kinect", "Wpf_with_Kinect\Wpf_with_Kinect.csproj", "{C6991002-DE95-4ACE-A9B4-880AC0875D3B}"
EndProject
Global
	GlobalSection(SolutionConfigurationPlatforms) = preSolution
		Debug|Any CPU = Debug|Any CPU
		Release|Any CPU = Release|Any CPU
	EndGlobalSection
	GlobalSection(ProjectConfigurationPlatforms) = postSolution
		{C6991002-DE95-4ACE-A9B4-880AC0875D3B}.Debug|Any CPU.ActiveCfg = Debug|Any CPU
		{C6991002-DE95-4ACE-A9B4-880AC0875D3B}.Debug|Any CPU.Build.0 = Debug|Any CPU
		{C6991002-DE95-4ACE-A9B4-880AC0875D3B}.Release|Any CPU.ActiveCfg = Release|Any CPU
		{C6991002-DE95-4ACE-A9B4-880AC0875D3B}.Release|Any CPU.Build.0 = Release|Any CPU
	EndGlobalSection
	GlobalSection(SolutionProperties) = preSolution
		HideSolutionNode = FALSE
	EndGlobalSection
	GlobalSection(ExtensibilityGlobals) = postSolution
		SolutionGuid = {23D2BA48-D958-479F-9E74-C7D9F035DDBA}
	EndGlobalSection
EndGlobal
